// !$*UTF8*$!
{
	archiveVersion = 1;
	classes = {
	};
	objectVersion = 50;
	objects = {

/* Begin PBXBuildFile section */
		CEB7C4C2264FA51D00BC1354 /* AppDelegate.swift in Sources */ = {isa = PBXBuildFile; fileRef = CEB7C4C1264FA51D00BC1354 /* AppDelegate.swift */; };
		CEB7C4C4264FA51D00BC1354 /* SceneDelegate.swift in Sources */ = {isa = PBXBuildFile; fileRef = CEB7C4C3264FA51D00BC1354 /* SceneDelegate.swift */; };
		CEB7C4C6264FA51D00BC1354 /* ViewController.swift in Sources */ = {isa = PBXBuildFile; fileRef = CEB7C4C5264FA51D00BC1354 /* ViewController.swift */; };
		CEB7C4C9264FA51D00BC1354 /* Main.storyboard in Resources */ = {isa = PBXBuildFile; fileRef = CEB7C4C7264FA51D00BC1354 /* Main.storyboard */; };
		CEB7C4CB264FA51F00BC1354 /* Assets.xcassets in Resources */ = {isa = PBXBuildFile; fileRef = CEB7C4CA264FA51F00BC1354 /* Assets.xcassets */; };
		CEB7C4CE264FA51F00BC1354 /* LaunchScreen.storyboard in Resources */ = {isa = PBXBuildFile; fileRef = CEB7C4CC264FA51F00BC1354 /* LaunchScreen.storyboard */; };
		CEB7C4D9264FA52000BC1354 /* BarabaraGameTests.swift in Sources */ = {isa = PBXBuildFile; fileRef = CEB7C4D8264FA52000BC1354 /* BarabaraGameTests.swift */; };
		CEB7C4E4264FA52000BC1354 /* BarabaraGameUITests.swift in Sources */ = {isa = PBXBuildFile; fileRef = CEB7C4E3264FA52000BC1354 /* BarabaraGameUITests.swift */; };
		CEB7C4F4264FA70600BC1354 /* tail.png in Resources */ = {isa = PBXBuildFile; fileRef = CEB7C4F2264FA70600BC1354 /* tail.png */; };
		CEB7C4F5264FA70600BC1354 /* bar.png in Resources */ = {isa = PBXBuildFile; fileRef = CEB7C4F3264FA70600BC1354 /* bar.png */; };
		CEB7C4F7264FAACB00BC1354 /* GameViewController.swift in Sources */ = {isa = PBXBuildFile; fileRef = CEB7C4F6264FAACB00BC1354 /* GameViewController.swift */; };
		CEB7C4F9264FAAEA00BC1354 /* RankingViewController.swift in Sources */ = {isa = PBXBuildFile; fileRef = CEB7C4F8264FAAEA00BC1354 /* RankingViewController.swift */; };
		CEB7C57326532A3500BC1354 /* barabara game.jpg in Resources */ = {isa = PBXBuildFile; fileRef = CEB7C57226532A3500BC1354 /* barabara game.jpg */; };
		CEB7C57526532B1800BC1354 /* barabara game1.jpg in Resources */ = {isa = PBXBuildFile; fileRef = CEB7C57426532B1800BC1354 /* barabara game1.jpg */; };
		CEB7C57726532B2400BC1354 /* barabara game 2.jpg in Resources */ = {isa = PBXBuildFile; fileRef = CEB7C57626532B2400BC1354 /* barabara game 2.jpg */; };
		CEB7C57926532B2A00BC1354 /* barabara game 3.jpg in Resources */ = {isa = PBXBuildFile; fileRef = CEB7C57826532B2A00BC1354 /* barabara game 3.jpg */; };
/* End PBXBuildFile section */

/* Begin PBXContainerItemProxy section */
		CEB7C4D5264FA52000BC1354 /* PBXContainerItemProxy */ = {
			isa = PBXContainerItemProxy;
			containerPortal = CEB7C4B6264FA51D00BC1354 /* Project object */;
			proxyType = 1;
			remoteGlobalIDString = CEB7C4BD264FA51D00BC1354;
			remoteInfo = BarabaraGame;
		};
		CEB7C4E0264FA52000BC1354 /* PBXContainerItemProxy */ = {
			isa = PBXContainerItemProxy;
			containerPortal = CEB7C4B6264FA51D00BC1354 /* Project object */;
			proxyType = 1;
			remoteGlobalIDString = CEB7C4BD264FA51D00BC1354;
			remoteInfo = BarabaraGame;
		};
/* End PBXContainerItemProxy section */

/* Begin PBXFileReference section */
		CEB7C4BE264FA51D00BC1354 /* BarabaraGame.app */ = {isa = PBXFileReference; explicitFileType = wrapper.application; includeInIndex = 0; path = BarabaraGame.app; sourceTree = BUILT_PRODUCTS_DIR; };
		CEB7C4C1264FA51D00BC1354 /* AppDelegate.swift */ = {isa = PBXFileReference; lastKnownFileType = sourcecode.swift; path = AppDelegate.swift; sourceTree = "<group>"; };
		CEB7C4C3264FA51D00BC1354 /* SceneDelegate.swift */ = {isa = PBXFileReference; lastKnownFileType = sourcecode.swift; path = SceneDelegate.swift; sourceTree = "<group>"; };
		CEB7C4C5264FA51D00BC1354 /* ViewController.swift */ = {isa = PBXFileReference; lastKnownFileType = sourcecode.swift; path = ViewController.swift; sourceTree = "<group>"; };
		CEB7C4C8264FA51D00BC1354 /* Base */ = {isa = PBXFileReference; lastKnownFileType = file.storyboard; name = Base; path = Base.lproj/Main.storyboard; sourceTree = "<group>"; };
		CEB7C4CA264FA51F00BC1354 /* Assets.xcassets */ = {isa = PBXFileReference; lastKnownFileType = folder.assetcatalog; path = Assets.xcassets; sourceTree = "<group>"; };
		CEB7C4CD264FA51F00BC1354 /* Base */ = {isa = PBXFileReference; lastKnownFileType = file.storyboard; name = Base; path = Base.lproj/LaunchScreen.storyboard; sourceTree = "<group>"; };
		CEB7C4CF264FA51F00BC1354 /* Info.plist */ = {isa = PBXFileReference; lastKnownFileType = text.plist.xml; path = Info.plist; sourceTree = "<group>"; };
		CEB7C4D4264FA52000BC1354 /* BarabaraGameTests.xctest */ = {isa = PBXFileReference; explicitFileType = wrapper.cfbundle; includeInIndex = 0; path = BarabaraGameTests.xctest; sourceTree = BUILT_PRODUCTS_DIR; };
		CEB7C4D8264FA52000BC1354 /* BarabaraGameTests.swift */ = {isa = PBXFileReference; lastKnownFileType = sourcecode.swift; path = BarabaraGameTests.swift; sourceTree = "<group>"; };
		CEB7C4DA264FA52000BC1354 /* Info.plist */ = {isa = PBXFileReference; lastKnownFileType = text.plist.xml; path = Info.plist; sourceTree = "<group>"; };
		CEB7C4DF264FA52000BC1354 /* BarabaraGameUITests.xctest */ = {isa = PBXFileReference; explicitFileType = wrapper.cfbundle; includeInIndex = 0; path = BarabaraGameUITests.xctest; sourceTree = BUILT_PRODUCTS_DIR; };
		CEB7C4E3264FA52000BC1354 /* BarabaraGameUITests.swift */ = {isa = PBXFileReference; lastKnownFileType = sourcecode.swift; path = BarabaraGameUITests.swift; sourceTree = "<group>"; };
		CEB7C4E5264FA52000BC1354 /* Info.plist */ = {isa = PBXFileReference; lastKnownFileType = text.plist.xml; path = Info.plist; sourceTree = "<group>"; };
		CEB7C4F2264FA70600BC1354 /* tail.png */ = {isa = PBXFileReference; lastKnownFileType = image.png; path = tail.png; sourceTree = "<group>"; };
		CEB7C4F3264FA70600BC1354 /* bar.png */ = {isa = PBXFileReference; lastKnownFileType = image.png; path = bar.png; sourceTree = "<group>"; };
		CEB7C4F6264FAACB00BC1354 /* GameViewController.swift */ = {isa = PBXFileReference; lastKnownFileType = sourcecode.swift; path = GameViewController.swift; sourceTree = "<group>"; };
		CEB7C4F8264FAAEA00BC1354 /* RankingViewController.swift */ = {isa = PBXFileReference; lastKnownFileType = sourcecode.swift; path = RankingViewController.swift; sourceTree = "<group>"; };
		CEB7C57226532A3500BC1354 /* barabara game.jpg */ = {isa = PBXFileReference; lastKnownFileType = image.jpeg; path = "barabara game.jpg"; sourceTree = "<group>"; };
		CEB7C57426532B1800BC1354 /* barabara game1.jpg */ = {isa = PBXFileReference; lastKnownFileType = image.jpeg; path = "barabara game1.jpg"; sourceTree = "<group>"; };
		CEB7C57626532B2400BC1354 /* barabara game 2.jpg */ = {isa = PBXFileReference; lastKnownFileType = image.jpeg; path = "barabara game 2.jpg"; sourceTree = "<group>"; };
		CEB7C57826532B2A00BC1354 /* barabara game 3.jpg */ = {isa = PBXFileReference; lastKnownFileType = image.jpeg; path = "barabara game 3.jpg"; sourceTree = "<group>"; };
/* End PBXFileReference section */

/* Begin PBXFrameworksBuildPhase section */
		CEB7C4BB264FA51D00BC1354 /* Frameworks */ = {
			isa = PBXFrameworksBuildPhase;
			buildActionMask = 2147483647;
			files = (
			);
			runOnlyForDeploymentPostprocessing = 0;
		};
		CEB7C4D1264FA52000BC1354 /* Frameworks */ = {
			isa = PBXFrameworksBuildPhase;
			buildActionMask = 2147483647;
			files = (
			);
			runOnlyForDeploymentPostprocessing = 0;
		};
		CEB7C4DC264FA52000BC1354 /* Frameworks */ = {
			isa = PBXFrameworksBuildPhase;
			buildActionMask = 2147483647;
			files = (
			);
			runOnlyForDeploymentPostprocessing = 0;
		};
/* End PBXFrameworksBuildPhase section */

/* Begin PBXGroup section */
		CEB7C4B5264FA51D00BC1354 = {
			isa = PBXGroup;
			children = (
				CEB7C4F8264FAAEA00BC1354 /* RankingViewController.swift */,
				CEB7C4F6264FAACB00BC1354 /* GameViewController.swift */,
				CEB7C4C0264FA51D00BC1354 /* BarabaraGame */,
				CEB7C4D7264FA52000BC1354 /* BarabaraGameTests */,
				CEB7C4E2264FA52000BC1354 /* BarabaraGameUITests */,
				CEB7C4BF264FA51D00BC1354 /* Products */,
			);
			sourceTree = "<group>";
		};
		CEB7C4BF264FA51D00BC1354 /* Products */ = {
			isa = PBXGroup;
			children = (
				CEB7C4BE264FA51D00BC1354 /* BarabaraGame.app */,
				CEB7C4D4264FA52000BC1354 /* BarabaraGameTests.xctest */,
				CEB7C4DF264FA52000BC1354 /* BarabaraGameUITests.xctest */,
			);
			name = Products;
			sourceTree = "<group>";
		};
		CEB7C4C0264FA51D00BC1354 /* BarabaraGame */ = {
			isa = PBXGroup;
			children = (
				CEB7C4F1264FA70600BC1354 /* Barabara素材 */,
				CEB7C4C1264FA51D00BC1354 /* AppDelegate.swift */,
				CEB7C4C3264FA51D00BC1354 /* SceneDelegate.swift */,
				CEB7C4C5264FA51D00BC1354 /* ViewController.swift */,
				CEB7C4C7264FA51D00BC1354 /* Main.storyboard */,
				CEB7C4CA264FA51F00BC1354 /* Assets.xcassets */,
				CEB7C4CC264FA51F00BC1354 /* LaunchScreen.storyboard */,
				CEB7C4CF264FA51F00BC1354 /* Info.plist */,
				CEB7C57226532A3500BC1354 /* barabara game.jpg */,
				CEB7C57426532B1800BC1354 /* barabara game1.jpg */,
				CEB7C57626532B2400BC1354 /* barabara game 2.jpg */,
				CEB7C57826532B2A00BC1354 /* barabara game 3.jpg */,
			);
			path = BarabaraGame;
			sourceTree = "<group>";
		};
		CEB7C4D7264FA52000BC1354 /* BarabaraGameTests */ = {
			isa = PBXGroup;
			children = (
				CEB7C4D8264FA52000BC1354 /* BarabaraGameTests.swift */,
				CEB7C4DA264FA52000BC1354 /* Info.plist */,
			);
			path = BarabaraGameTests;
			sourceTree = "<group>";
		};
		CEB7C4E2264FA52000BC1354 /* BarabaraGameUITests */ = {
			isa = PBXGroup;
			children = (
				CEB7C4E3264FA52000BC1354 /* BarabaraGameUITests.swift */,
				CEB7C4E5264FA52000BC1354 /* Info.plist */,
			);
			path = BarabaraGameUITests;
			sourceTree = "<group>";
		};
		CEB7C4F1264FA70600BC1354 /* Barabara素材 */ = {
			isa = PBXGroup;
			children = (
				CEB7C4F2264FA70600BC1354 /* tail.png */,
				CEB7C4F3264FA70600BC1354 /* bar.png */,
			);
			path = "Barabara素材";
			sourceTree = "<group>";
		};
/* End PBXGroup section */

/* Begin PBXNativeTarget section */
		CEB7C4BD264FA51D00BC1354 /* BarabaraGame */ = {
			isa = PBXNativeTarget;
			buildConfigurationList = CEB7C4E8264FA52000BC1354 /* Build configuration list for PBXNativeTarget "BarabaraGame" */;
			buildPhases = (
				CEB7C4BA264FA51D00BC1354 /* Sources */,
				CEB7C4BB264FA51D00BC1354 /* Frameworks */,
				CEB7C4BC264FA51D00BC1354 /* Resources */,
			);
			buildRules = (
			);
			dependencies = (
			);
			name = BarabaraGame;
			productName = BarabaraGame;
			productReference = CEB7C4BE264FA51D00BC1354 /* BarabaraGame.app */;
			productType = "com.apple.product-type.application";
		};
		CEB7C4D3264FA52000BC1354 /* BarabaraGameTests */ = {
			isa = PBXNativeTarget;
			buildConfigurationList = CEB7C4EB264FA52000BC1354 /* Build configuration list for PBXNativeTarget "BarabaraGameTests" */;
			buildPhases = (
				CEB7C4D0264FA52000BC1354 /* Sources */,
				CEB7C4D1264FA52000BC1354 /* Frameworks */,
				CEB7C4D2264FA52000BC1354 /* Resources */,
			);
			buildRules = (
			);
			dependencies = (
				CEB7C4D6264FA52000BC1354 /* PBXTargetDependency */,
			);
			name = BarabaraGameTests;
			productName = BarabaraGameTests;
			productReference = CEB7C4D4264FA52000BC1354 /* BarabaraGameTests.xctest */;
			productType = "com.apple.product-type.bundle.unit-test";
		};
		CEB7C4DE264FA52000BC1354 /* BarabaraGameUITests */ = {
			isa = PBXNativeTarget;
			buildConfigurationList = CEB7C4EE264FA52000BC1354 /* Build configuration list for PBXNativeTarget "BarabaraGameUITests" */;
			buildPhases = (
				CEB7C4DB264FA52000BC1354 /* Sources */,
				CEB7C4DC264FA52000BC1354 /* Frameworks */,
				CEB7C4DD264FA52000BC1354 /* Resources */,
			);
			buildRules = (
			);
			dependencies = (
				CEB7C4E1264FA52000BC1354 /* PBXTargetDependency */,
			);
			name = BarabaraGameUITests;
			productName = BarabaraGameUITests;
			productReference = CEB7C4DF264FA52000BC1354 /* BarabaraGameUITests.xctest */;
			productType = "com.apple.product-type.bundle.ui-testing";
		};
/* End PBXNativeTarget section */

/* Begin PBXProject section */
		CEB7C4B6264FA51D00BC1354 /* Project object */ = {
			isa = PBXProject;
			attributes = {
				LastSwiftUpdateCheck = 1250;
				LastUpgradeCheck = 1250;
				TargetAttributes = {
					CEB7C4BD264FA51D00BC1354 = {
						CreatedOnToolsVersion = 12.5;
					};
					CEB7C4D3264FA52000BC1354 = {
						CreatedOnToolsVersion = 12.5;
						TestTargetID = CEB7C4BD264FA51D00BC1354;
					};
					CEB7C4DE264FA52000BC1354 = {
						CreatedOnToolsVersion = 12.5;
						TestTargetID = CEB7C4BD264FA51D00BC1354;
					};
				};
			};
			buildConfigurationList = CEB7C4B9264FA51D00BC1354 /* Build configuration list for PBXProject "BarabaraGame" */;
			compatibilityVersion = "Xcode 9.3";
			developmentRegion = en;
			hasScannedForEncodings = 0;
			knownRegions = (
				en,
				Base,
			);
			mainGroup = CEB7C4B5264FA51D00BC1354;
			productRefGroup = CEB7C4BF264FA51D00BC1354 /* Products */;
			projectDirPath = "";
			projectRoot = "";
			targets = (
				CEB7C4BD264FA51D00BC1354 /* BarabaraGame */,
				CEB7C4D3264FA52000BC1354 /* BarabaraGameTests */,
				CEB7C4DE264FA52000BC1354 /* BarabaraGameUITests */,
			);
		};
/* End PBXProject section */

/* Begin PBXResourcesBuildPhase section */
		CEB7C4BC264FA51D00BC1354 /* Resources */ = {
			isa = PBXResourcesBuildPhase;
			buildActionMask = 2147483647;
			files = (
				CEB7C4CE264FA51F00BC1354 /* LaunchScreen.storyboard in Resources */,
				CEB7C57526532B1800BC1354 /* barabara game1.jpg in Resources */,
				CEB7C57926532B2A00BC1354 /* barabara game 3.jpg in Resources */,
				CEB7C57726532B2400BC1354 /* barabara game 2.jpg in Resources */,
				CEB7C4F5264FA70600BC1354 /* bar.png in Resources */,
				CEB7C4F4264FA70600BC1354 /* tail.png in Resources */,
				CEB7C4CB264FA51F00BC1354 /* Assets.xcassets in Resources */,
				CEB7C57326532A3500BC1354 /* barabara game.jpg in Resources */,
				CEB7C4C9264FA51D00BC1354 /* Main.storyboard in Resources */,
			);
			runOnlyForDeploymentPostprocessing = 0;
		};
		CEB7C4D2264FA52000BC1354 /* Resources */ = {
			isa = PBXResourcesBuildPhase;
			buildActionMask = 2147483647;
			files = (
			);
			runOnlyForDeploymentPostprocessing = 0;
		};
		CEB7C4DD264FA52000BC1354 /* Resources */ = {
			isa = PBXResourcesBuildPhase;
			buildActionMask = 2147483647;
			files = (
			);
			runOnlyForDeploymentPostprocessing = 0;
		};
/* End PBXResourcesBuildPhase section */

/* Begin PBXSourcesBuildPhase section */
		CEB7C4BA264FA51D00BC1354 /* Sources */ = {
			isa = PBXSourcesBuildPhase;
			buildActionMask = 2147483647;
			files = (
				CEB7C4F9264FAAEA00BC1354 /* RankingViewController.swift in Sources */,
				CEB7C4F7264FAACB00BC1354 /* GameViewController.swift in Sources */,
				CEB7C4C6264FA51D00BC1354 /* ViewController.swift in Sources */,
				CEB7C4C2264FA51D00BC1354 /* AppDelegate.swift in Sources */,
				CEB7C4C4264FA51D00BC1354 /* SceneDelegate.swift in Sources */,
			);
			runOnlyForDeploymentPostprocessing = 0;
		};
		CEB7C4D0264FA52000BC1354 /* Sources */ = {
			isa = PBXSourcesBuildPhase;
			buildActionMask = 2147483647;
			files = (
				CEB7C4D9264FA52000BC1354 /* BarabaraGameTests.swift in Sources */,
			);
			runOnlyForDeploymentPostprocessing = 0;
		};
		CEB7C4DB264FA52000BC1354 /* Sources */ = {
			isa = PBXSourcesBuildPhase;
			buildActionMask = 2147483647;
			files = (
				CEB7C4E4264FA52000BC1354 /* BarabaraGameUITests.swift in Sources */,
			);
			runOnlyForDeploymentPostprocessing = 0;
		};
/* End PBXSourcesBuildPhase section */

/* Begin PBXTargetDependency section */
		CEB7C4D6264FA52000BC1354 /* PBXTargetDependency */ = {
			isa = PBXTargetDependency;
			target = CEB7C4BD264FA51D00BC1354 /* BarabaraGame */;
			targetProxy = CEB7C4D5264FA52000BC1354 /* PBXContainerItemProxy */;
		};
		CEB7C4E1264FA52000BC1354 /* PBXTargetDependency */ = {
			isa = PBXTargetDependency;
			target = CEB7C4BD264FA51D00BC1354 /* BarabaraGame */;
			targetProxy = CEB7C4E0264FA52000BC1354 /* PBXContainerItemProxy */;
		};
/* End PBXTargetDependency section */

/* Begin PBXVariantGroup section */
		CEB7C4C7264FA51D00BC1354 /* Main.storyboard */ = {
			isa = PBXVariantGroup;
			children = (
				CEB7C4C8264FA51D00BC1354 /* Base */,
			);
			name = Main.storyboard;
			sourceTree = "<group>";
		};
		CEB7C4CC264FA51F00BC1354 /* LaunchScreen.storyboard */ = {
			isa = PBXVariantGroup;
			children = (
				CEB7C4CD264FA51F00BC1354 /* Base */,
			);
			name = LaunchScreen.storyboard;
			sourceTree = "<group>";
		};
/* End PBXVariantGroup section */

/* Begin XCBuildConfiguration section */
		CEB7C4E6264FA52000BC1354 /* Debug */ = {
			isa = XCBuildConfiguration;
			buildSettings = {
				ALWAYS_SEARCH_USER_PATHS = NO;
				CLANG_ANALYZER_NONNULL = YES;
				CLANG_ANALYZER_NUMBER_OBJECT_CONVERSION = YES_AGGRESSIVE;
				CLANG_CXX_LANGUAGE_STANDARD = "gnu++14";
				CLANG_CXX_LIBRARY = "libc++";
				CLANG_ENABLE_MODULES = YES;
				CLANG_ENABLE_OBJC_ARC = YES;
				CLANG_ENABLE_OBJC_WEAK = YES;
				CLANG_WARN_BLOCK_CAPTURE_AUTORELEASING = YES;
				CLANG_WARN_BOOL_CONVERSION = YES;
				CLANG_WARN_COMMA = YES;
				CLANG_WARN_CONSTANT_CONVERSION = YES;
				CLANG_WARN_DEPRECATED_OBJC_IMPLEMENTATIONS = YES;
				CLANG_WARN_DIRECT_OBJC_ISA_USAGE = YES_ERROR;
				CLANG_WARN_DOCUMENTATION_COMMENTS = YES;
				CLANG_WARN_EMPTY_BODY = YES;
				CLANG_WARN_ENUM_CONVERSION = YES;
				CLANG_WARN_INFINITE_RECURSION = YES;
				CLANG_WARN_INT_CONVERSION = YES;
				CLANG_WARN_NON_LITERAL_NULL_CONVERSION = YES;
				CLANG_WARN_OBJC_IMPLICIT_RETAIN_SELF = YES;
				CLANG_WARN_OBJC_LITERAL_CONVERSION = YES;
				CLANG_WARN_OBJC_ROOT_CLASS = YES_ERROR;
				CLANG_WARN_QUOTED_INCLUDE_IN_FRAMEWORK_HEADER = YES;
				CLANG_WARN_RANGE_LOOP_ANALYSIS = YES;
				CLANG_WARN_STRICT_PROTOTYPES = YES;
				CLANG_WARN_SUSPICIOUS_MOVE = YES;
				CLANG_WARN_UNGUARDED_AVAILABILITY = YES_AGGRESSIVE;
				CLANG_WARN_UNREACHABLE_CODE = YES;
				CLANG_WARN__DUPLICATE_METHOD_MATCH = YES;
				COPY_PHASE_STRIP = NO;
				DEBUG_INFORMATION_FORMAT = dwarf;
				ENABLE_STRICT_OBJC_MSGSEND = YES;
				ENABLE_TESTABILITY = YES;
				GCC_C_LANGUAGE_STANDARD = gnu11;
				GCC_DYNAMIC_NO_PIC = NO;
				GCC_NO_COMMON_BLOCKS = YES;
				GCC_OPTIMIZATION_LEVEL = 0;
				GCC_PREPROCESSOR_DEFINITIONS = (
					"DEBUG=1",
					"$(inherited)",
				);
				GCC_WARN_64_TO_32_BIT_CONVERSION = YES;
				GCC_WARN_ABOUT_RETURN_TYPE = YES_ERROR;
				GCC_WARN_UNDECLARED_SELECTOR = YES;
				GCC_WARN_UNINITIALIZED_AUTOS = YES_AGGRESSIVE;
				GCC_WARN_UNUSED_FUNCTION = YES;
				GCC_WARN_UNUSED_VARIABLE = YES;
				IPHONEOS_DEPLOYMENT_TARGET = 14.5;
				MTL_ENABLE_DEBUG_INFO = INCLUDE_SOURCE;
				MTL_FAST_MATH = YES;
				ONLY_ACTIVE_ARCH = YES;
				SDKROOT = iphoneos;
				SWIFT_ACTIVE_COMPILATION_CONDITIONS = DEBUG;
				SWIFT_OPTIMIZATION_LEVEL = "-Onone";
			};
			name = Debug;
		};
		CEB7C4E7264FA52000BC1354 /* Release */ = {
			isa = XCBuildConfiguration;
			buildSettings = {
				ALWAYS_SEARCH_USER_PATHS = NO;
				CLANG_ANALYZER_NONNULL = YES;
				CLANG_ANALYZER_NUMBER_OBJECT_CONVERSION = YES_AGGRESSIVE;
				CLANG_CXX_LANGUAGE_STANDARD = "gnu++14";
				CLANG_CXX_LIBRARY = "libc++";
				CLANG_ENABLE_MODULES = YES;
				CLANG_ENABLE_OBJC_ARC = YES;
				CLANG_ENABLE_OBJC_WEAK = YES;
				CLANG_WARN_BLOCK_CAPTURE_AUTORELEASING = YES;
				CLANG_WARN_BOOL_CONVERSION = YES;
				CLANG_WARN_COMMA = YES;
				CLANG_WARN_CONSTANT_CONVERSION = YES;
				CLANG_WARN_DEPRECATED_OBJC_IMPLEMENTATIONS = YES;
				CLANG_WARN_DIRECT_OBJC_ISA_USAGE = YES_ERROR;
				CLANG_WARN_DOCUMENTATION_COMMENTS = YES;
				CLANG_WARN_EMPTY_BODY = YES;
				CLANG_WARN_ENUM_CONVERSION = YES;
				CLANG_WARN_INFINITE_RECURSION = YES;
				CLANG_WARN_INT_CONVERSION = YES;
				CLANG_WARN_NON_LITERAL_NULL_CONVERSION = YES;
				CLANG_WARN_OBJC_IMPLICIT_RETAIN_SELF = YES;
				CLANG_WARN_OBJC_LITERAL_CONVERSION = YES;
				CLANG_WARN_OBJC_ROOT_CLASS = YES_ERROR;
				CLANG_WARN_QUOTED_INCLUDE_IN_FRAMEWORK_HEADER = YES;
				CLANG_WARN_RANGE_LOOP_ANALYSIS = YES;
				CLANG_WARN_STRICT_PROTOTYPES = YES;
				CLANG_WARN_SUSPICIOUS_MOVE = YES;
				CLANG_WARN_UNGUARDED_AVAILABILITY = YES_AGGRESSIVE;
				CLANG_WARN_UNREACHABLE_CODE = YES;
				CLANG_WARN__DUPLICATE_METHOD_MATCH = YES;
				COPY_PHASE_STRIP = NO;
				DEBUG_INFORMATION_FORMAT = "dwarf-with-dsym";
				ENABLE_NS_ASSERTIONS = NO;
				ENABLE_STRICT_OBJC_MSGSEND = YES;
				GCC_C_LANGUAGE_STANDARD = gnu11;
				GCC_NO_COMMON_BLOCKS = YES;
				GCC_WARN_64_TO_32_BIT_CONVERSION = YES;
				GCC_WARN_ABOUT_RETURN_TYPE = YES_ERROR;
				GCC_WARN_UNDECLARED_SELECTOR = YES;
				GCC_WARN_UNINITIALIZED_AUTOS = YES_AGGRESSIVE;
				GCC_WARN_UNUSED_FUNCTION = YES;
				GCC_WARN_UNUSED_VARIABLE = YES;
				IPHONEOS_DEPLOYMENT_TARGET = 14.5;
				MTL_ENABLE_DEBUG_INFO = NO;
				MTL_FAST_MATH = YES;
				SDKROOT = iphoneos;
				SWIFT_COMPILATION_MODE = wholemodule;
				SWIFT_OPTIMIZATION_LEVEL = "-O";
				VALIDATE_PRODUCT = YES;
			};
			name = Release;
		};
		CEB7C4E9264FA52000BC1354 /* Debug */ = {
			isa = XCBuildConfiguration;
			buildSettings = {
				ASSETCATALOG_COMPILER_APPICON_NAME = AppIcon;
				ASSETCATALOG_COMPILER_GLOBAL_ACCENT_COLOR_NAME = AccentColor;
				CODE_SIGN_STYLE = Automatic;
				INFOPLIST_FILE = BarabaraGame/Info.plist;
				LD_RUNPATH_SEARCH_PATHS = (
					"$(inherited)",
					"@executable_path/Frameworks",
				);
				PRODUCT_BUNDLE_IDENTIFIER = app.yasuda.cory.BarabaraGame;
				PRODUCT_NAME = "$(TARGET_NAME)";
				SWIFT_VERSION = 5.0;
				TARGETED_DEVICE_FAMILY = "1,2";
			};
			name = Debug;
		};
		CEB7C4EA264FA52000BC1354 /* Release */ = {
			isa = XCBuildConfiguration;
			buildSettings = {
				ASSETCATALOG_COMPILER_APPICON_NAME = AppIcon;
				ASSETCATALOG_COMPILER_GLOBAL_ACCENT_COLOR_NAME = AccentColor;
				CODE_SIGN_STYLE = Automatic;
				INFOPLIST_FILE = BarabaraGame/Info.plist;
				LD_RUNPATH_SEARCH_PATHS = (
					"$(inherited)",
					"@executable_path/Frameworks",
				);
				PRODUCT_BUNDLE_IDENTIFIER = app.yasuda.cory.BarabaraGame;
				PRODUCT_NAME = "$(TARGET_NAME)";
				SWIFT_VERSION = 5.0;
				TARGETED_DEVICE_FAMILY = "1,2";
			};
			name = Release;
		};
		CEB7C4EC264FA52000BC1354 /* Debug */ = {
			isa = XCBuildConfiguration;
			buildSettings = {
				ALWAYS_EMBED_SWIFT_STANDARD_LIBRARIES = YES;
				BUNDLE_LOADER = "$(TEST_HOST)";
				CODE_SIGN_STYLE = Automatic;
				INFOPLIST_FILE = BarabaraGameTests/Info.plist;
				IPHONEOS_DEPLOYMENT_TARGET = 14.5;
				LD_RUNPATH_SEARCH_PATHS = (
					"$(inherited)",
					"@executable_path/Frameworks",
					"@loader_path/Frameworks",
				);
				PRODUCT_BUNDLE_IDENTIFIER = app.yasuda.cory.BarabaraGameTests;
				PRODUCT_NAME = "$(TARGET_NAME)";
				SWIFT_VERSION = 5.0;
				TARGETED_DEVICE_FAMILY = "1,2";
				TEST_HOST = "$(BUILT_PRODUCTS_DIR)/BarabaraGame.app/BarabaraGame";
			};
			name = Debug;
		};
		CEB7C4ED264FA52000BC1354 /* Release */ = {
			isa = XCBuildConfiguration;
			buildSettings = {
				ALWAYS_EMBED_SWIFT_STANDARD_LIBRARIES = YES;
				BUNDLE_LOADER = "$(TEST_HOST)";
				CODE_SIGN_STYLE = Automatic;
				INFOPLIST_FILE = BarabaraGameTests/Info.plist;
				IPHONEOS_DEPLOYMENT_TARGET = 14.5;
				LD_RUNPATH_SEARCH_PATHS = (
					"$(inherited)",
					"@executable_path/Frameworks",
					"@loader_path/Frameworks",
				);
				PRODUCT_BUNDLE_IDENTIFIER = app.yasuda.cory.BarabaraGameTests;
				PRODUCT_NAME = "$(TARGET_NAME)";
				SWIFT_VERSION = 5.0;
				TARGETED_DEVICE_FAMILY = "1,2";
				TEST_HOST = "$(BUILT_PRODUCTS_DIR)/BarabaraGame.app/BarabaraGame";
			};
			name = Release;
		};
		CEB7C4EF264FA52000BC1354 /* Debug */ = {
			isa = XCBuildConfiguration;
			buildSettings = {
				ALWAYS_EMBED_SWIFT_STANDARD_LIBRARIES = YES;
				CODE_SIGN_STYLE = Automatic;
				INFOPLIST_FILE = BarabaraGameUITests/Info.plist;
				LD_RUNPATH_SEARCH_PATHS = (
					"$(inherited)",
					"@executable_path/Frameworks",
					"@loader_path/Frameworks",
				);
				PRODUCT_BUNDLE_IDENTIFIER = app.yasuda.cory.BarabaraGameUITests;
				PRODUCT_NAME = "$(TARGET_NAME)";
				SWIFT_VERSION = 5.0;
				TARGETED_DEVICE_FAMILY = "1,2";
				TEST_TARGET_NAME = BarabaraGame;
			};
			name = Debug;
		};
		CEB7C4F0264FA52000BC1354 /* Release */ = {
			isa = XCBuildConfiguration;
			buildSettings = {
				ALWAYS_EMBED_SWIFT_STANDARD_LIBRARIES = YES;
				CODE_SIGN_STYLE = Automatic;
				INFOPLIST_FILE = BarabaraGameUITests/Info.plist;
				LD_RUNPATH_SEARCH_PATHS = (
					"$(inherited)",
					"@executable_path/Frameworks",
					"@loader_path/Frameworks",
				);
				PRODUCT_BUNDLE_IDENTIFIER = app.yasuda.cory.BarabaraGameUITests;
				PRODUCT_NAME = "$(TARGET_NAME)";
				SWIFT_VERSION = 5.0;
				TARGETED_DEVICE_FAMILY = "1,2";
				TEST_TARGET_NAME = BarabaraGame;
			};
			name = Release;
		};
/* End XCBuildConfiguration section */

/* Begin XCConfigurationList section */
		CEB7C4B9264FA51D00BC1354 /* Build configuration list for PBXProject "BarabaraGame" */ = {
			isa = XCConfigurationList;
			buildConfigurations = (
				CEB7C4E6264FA52000BC1354 /* Debug */,
				CEB7C4E7264FA52000BC1354 /* Release */,
			);
			defaultConfigurationIsVisible = 0;
			defaultConfigurationName = Release;
		};
		CEB7C4E8264FA52000BC1354 /* Build configuration list for PBXNativeTarget "BarabaraGame" */ = {
			isa = XCConfigurationList;
			buildConfigurations = (
				CEB7C4E9264FA52000BC1354 /* Debug */,
				CEB7C4EA264FA52000BC1354 /* Release */,
			);
			defaultConfigurationIsVisible = 0;
			defaultConfigurationName = Release;
		};
		CEB7C4EB264FA52000BC1354 /* Build configuration list for PBXNativeTarget "BarabaraGameTests" */ = {
			isa = XCConfigurationList;
			buildConfigurations = (
				CEB7C4EC264FA52000BC1354 /* Debug */,
				CEB7C4ED264FA52000BC1354 /* Release */,
			);
			defaultConfigurationIsVisible = 0;
			defaultConfigurationName = Release;
		};
		CEB7C4EE264FA52000BC1354 /* Build configuration list for PBXNativeTarget "BarabaraGameUITests" */ = {
			isa = XCConfigurationList;
			buildConfigurations = (
				CEB7C4EF264FA52000BC1354 /* Debug */,
				CEB7C4F0264FA52000BC1354 /* Release */,
			);
			defaultConfigurationIsVisible = 0;
			defaultConfigurationName = Release;
		};
/* End XCConfigurationList section */
	};
	rootObject = CEB7C4B6264FA51D00BC1354 /* Project object */;
}
